
Microsoft Visual Studio Solution File, Format Version 12.00
# Visual Studio Version 16
VisualStudioVersion = 16.0.30907.101
MinimumVisualStudioVersion = 10.0.40219.1
Project("{9A19103F-16F7-4668-BE54-9A1E7A4F7556}") = "Radancy Bank Challenge", "Radancy Bank Challenge.csproj", "{3D7F0837-59E7-408D-9600-FAD74A737EAF}"
EndProject
Global
	GlobalSection(SolutionConfigurationPlatforms) = preSolution
		Debug|Any CPU = Debug|Any CPU
		Release|Any CPU = Release|Any CPU
	EndGlobalSection
	GlobalSection(ProjectConfigurationPlatforms) = postSolution
		{3D7F0837-59E7-408D-9600-FAD74A737EAF}.Debug|Any CPU.ActiveCfg = Debug|Any CPU
		{3D7F0837-59E7-408D-9600-FAD74A737EAF}.Debug|Any CPU.Build.0 = Debug|Any CPU
		{3D7F0837-59E7-408D-9600-FAD74A737EAF}.Release|Any CPU.ActiveCfg = Release|Any CPU
		{3D7F0837-59E7-408D-9600-FAD74A737EAF}.Release|Any CPU.Build.0 = Release|Any CPU
	EndGlobalSection
	GlobalSection(SolutionProperties) = preSolution
		HideSolutionNode = FALSE
	EndGlobalSection
	GlobalSection(ExtensibilityGlobals) = postSolution
		SolutionGuid = {DF2F017F-E028-4257-8A58-E9E37C7F7C1A}
	EndGlobalSection
EndGlobal
